
Microsoft Visual Studio Solution File, Format Version 12.00
# Visual Studio Version 16
VisualStudioVersion = 16.0.31005.135
MinimumVisualStudioVersion = 10.0.40219.1
Project("{FAE04EC0-301F-11D3-BF4B-00C04F79EFBC}") = "StockMarket", "StockMarket\StockMarket.csproj", "{617F6E6F-8B27-48F4-8388-9599BE8AD8FE}"
EndProject
Global
	GlobalSection(SolutionConfigurationPlatforms) = preSolution
		Debug|Any CPU = Debug|Any CPU
		Release|Any CPU = Release|Any CPU
	EndGlobalSection
	GlobalSection(ProjectConfigurationPlatforms) = postSolution
		{617F6E6F-8B27-48F4-8388-9599BE8AD8FE}.Debug|Any CPU.ActiveCfg = Debug|Any CPU
		{617F6E6F-8B27-48F4-8388-9599BE8AD8FE}.Debug|Any CPU.Build.0 = Debug|Any CPU
		{617F6E6F-8B27-48F4-8388-9599BE8AD8FE}.Release|Any CPU.ActiveCfg = Release|Any CPU
		{617F6E6F-8B27-48F4-8388-9599BE8AD8FE}.Release|Any CPU.Build.0 = Release|Any CPU
	EndGlobalSection
	GlobalSection(SolutionProperties) = preSolution
		HideSolutionNode = FALSE
	EndGlobalSection
	GlobalSection(ExtensibilityGlobals) = postSolution
		SolutionGuid = {0E39B3F4-5262-47AA-8907-D1EB2434473B}
	EndGlobalSection
EndGlobal
